
Microsoft Visual Studio Solution File, Format Version 12.00
# Visual Studio Version 16
VisualStudioVersion = 16.0.32901.82
MinimumVisualStudioVersion = 10.0.40219.1
Project("{FAE04EC0-301F-11D3-BF4B-00C04F79EFBC}") = "EvertecData", "EvertecData.csproj", "{9876B248-2F8D-4531-A8FE-CDA9C8E2AB77}"
EndProject
Global
	GlobalSection(SolutionConfigurationPlatforms) = preSolution
		Debug|Any CPU = Debug|Any CPU
		Release|Any CPU = Release|Any CPU
	EndGlobalSection
	GlobalSection(ProjectConfigurationPlatforms) = postSolution
		{9876B248-2F8D-4531-A8FE-CDA9C8E2AB77}.Debug|Any CPU.ActiveCfg = Debug|Any CPU
		{9876B248-2F8D-4531-A8FE-CDA9C8E2AB77}.Debug|Any CPU.Build.0 = Debug|Any CPU
		{9876B248-2F8D-4531-A8FE-CDA9C8E2AB77}.Release|Any CPU.ActiveCfg = Release|Any CPU
		{9876B248-2F8D-4531-A8FE-CDA9C8E2AB77}.Release|Any CPU.Build.0 = Release|Any CPU
	EndGlobalSection
	GlobalSection(SolutionProperties) = preSolution
		HideSolutionNode = FALSE
	EndGlobalSection
	GlobalSection(ExtensibilityGlobals) = postSolution
		SolutionGuid = {DF1CBB19-A90B-45C4-98A9-179CC24CBF1D}
	EndGlobalSection
EndGlobal
